
Microsoft Visual Studio Solution File, Format Version 12.00
# Visual Studio Version 17
VisualStudioVersion = 17.9.34616.47
MinimumVisualStudioVersion = 10.0.40219.1
Project("{FAE04EC0-301F-11D3-BF4B-00C04F79EFBC}") = "prac_5", "prac_5\prac_5.csproj", "{1EFB30FF-E82F-449F-BC4C-7B524EBB1934}"
EndProject
Global
	GlobalSection(SolutionConfigurationPlatforms) = preSolution
		Debug|Any CPU = Debug|Any CPU
		Release|Any CPU = Release|Any CPU
	EndGlobalSection
	GlobalSection(ProjectConfigurationPlatforms) = postSolution
		{1EFB30FF-E82F-449F-BC4C-7B524EBB1934}.Debug|Any CPU.ActiveCfg = Debug|Any CPU
		{1EFB30FF-E82F-449F-BC4C-7B524EBB1934}.Debug|Any CPU.Build.0 = Debug|Any CPU
		{1EFB30FF-E82F-449F-BC4C-7B524EBB1934}.Release|Any CPU.ActiveCfg = Release|Any CPU
		{1EFB30FF-E82F-449F-BC4C-7B524EBB1934}.Release|Any CPU.Build.0 = Release|Any CPU
	EndGlobalSection
	GlobalSection(SolutionProperties) = preSolution
		HideSolutionNode = FALSE
	EndGlobalSection
	GlobalSection(ExtensibilityGlobals) = postSolution
		SolutionGuid = {19A44C41-1761-44E2-83E4-5813ECC1FC1B}
	EndGlobalSection
EndGlobal
