
Microsoft Visual Studio Solution File, Format Version 12.00
# Visual Studio Version 17
VisualStudioVersion = 17.9.34616.47
MinimumVisualStudioVersion = 10.0.40219.1
Project("{FAE04EC0-301F-11D3-BF4B-00C04F79EFBC}") = "WindowsFormsApp3", "WindowsFormsApp3\WindowsFormsApp3.csproj", "{18B53C08-A88E-4354-96EB-554D1A6FEE1D}"
EndProject
Global
	GlobalSection(SolutionConfigurationPlatforms) = preSolution
		Debug|Any CPU = Debug|Any CPU
		Release|Any CPU = Release|Any CPU
	EndGlobalSection
	GlobalSection(ProjectConfigurationPlatforms) = postSolution
		{18B53C08-A88E-4354-96EB-554D1A6FEE1D}.Debug|Any CPU.ActiveCfg = Debug|Any CPU
		{18B53C08-A88E-4354-96EB-554D1A6FEE1D}.Debug|Any CPU.Build.0 = Debug|Any CPU
		{18B53C08-A88E-4354-96EB-554D1A6FEE1D}.Release|Any CPU.ActiveCfg = Release|Any CPU
		{18B53C08-A88E-4354-96EB-554D1A6FEE1D}.Release|Any CPU.Build.0 = Release|Any CPU
	EndGlobalSection
	GlobalSection(SolutionProperties) = preSolution
		HideSolutionNode = FALSE
	EndGlobalSection
	GlobalSection(ExtensibilityGlobals) = postSolution
		SolutionGuid = {78707AD8-A989-4E52-AF4B-E10C4FBFF16A}
	EndGlobalSection
EndGlobal
